<?xml version="1.0" encoding="utf-8"?>
<Project ToolsVersion="4.0" xmlns="http://schemas.microsoft.com/developer/msbuild/2003">
  <ItemGroup>
    <Filter Include="Architecture">
      <UniqueIdentifier>{282F98C7-1492-276C-BD17-6022A959F3EE}</UniqueIdentifier>
    </Filter>
    <Filter Include="Debug">
      <UniqueIdentifier>{0C95060D-78A9-2EBE-412B-D21DADFE2AEF}</UniqueIdentifier>
    </Filter>
    <Filter Include="Dependencies">
      <UniqueIdentifier>{6C01343A-5864-C3DE-01EA-FB94ED2B8F61}</UniqueIdentifier>
    </Filter>
    <Filter Include="GUI">
      <UniqueIdentifier>{2AEC870B-96F5-877C-1F71-9E7C8B79937C}</UniqueIdentifier>
    </Filter>
    <Filter Include="GUI\GraphView">
      <UniqueIdentifier>{E625F731-52E6-7268-1B21-BCE587A0B744}</UniqueIdentifier>
    </Filter>
    <Filter Include="GUI\GraphView\Nodes">
      <UniqueIdentifier>{2EFC3556-9A5D-1364-23CB-59168F2B4A23}</UniqueIdentifier>
    </Filter>
    <Filter Include="GUI\GraphView\Nodes\Math">
      <UniqueIdentifier>{C72D1FC2-B352-6E42-DC9D-53D2C8216D60}</UniqueIdentifier>
    </Filter>
    <Filter Include="GUI\GraphView\Pins">
      <UniqueIdentifier>{EFF0386F-DBD4-F9C4-4435-F4173038E446}</UniqueIdentifier>
    </Filter>
    <Filter Include="GUI\Visual Elements">
      <UniqueIdentifier>{6A2E9D80-D68F-7A8E-5FFD-C040CB5DB14D}</UniqueIdentifier>
    </Filter>
    <Filter Include="GUI\XDocument">
      <UniqueIdentifier>{5074BA92-BC34-36C9-856F-7F46F1EE7AA5}</UniqueIdentifier>
    </Filter>
    <Filter Include="IO">
      <UniqueIdentifier>{FD735900-E9FF-870B-52AE-880B3E59880B}</UniqueIdentifier>
    </Filter>
    <Filter Include="Project Generation">
      <UniqueIdentifier>{48F33E05-34D7-FF5A-9D37-FAAD893AEADC}</UniqueIdentifier>
    </Filter>
    <Filter Include="Util">
      <UniqueIdentifier>{23A78D7C-0FDE-8E0D-B8CA-7410A4E00A0F}</UniqueIdentifier>
    </Filter>
  </ItemGroup>
  <ItemGroup>
    <ClInclude Include="src\Architecture\application.h">
      <Filter>Architecture</Filter>
    </ClInclude>
    <ClInclude Include="src\Architecture\game.h">
      <Filter>Architecture</Filter>
    </ClInclude>
    <ClInclude Include="src\Architecture\project.h">
      <Filter>Architecture</Filter>
    </ClInclude>
    <ClInclude Include="src\Architecture\window.h">
      <Filter>Architecture</Filter>
    </ClInclude>
    <ClInclude Include="src\Debug\debug.h">
      <Filter>Debug</Filter>
    </ClInclude>
    <ClInclude Include="src\Dependencies\imdom.h">
      <Filter>Dependencies</Filter>
    </ClInclude>
    <ClInclude Include="src\GUI\GraphView\Nodes\Math\add_node.h">
      <Filter>GUI\GraphView\Nodes\Math</Filter>
    </ClInclude>
    <ClInclude Include="src\GUI\GraphView\Nodes\Math\float_node.h">
      <Filter>GUI\GraphView\Nodes\Math</Filter>
    </ClInclude>
    <ClInclude Include="src\GUI\GraphView\Nodes\node.h">
      <Filter>GUI\GraphView\Nodes</Filter>
    </ClInclude>
    <ClInclude Include="src\GUI\GraphView\Nodes\start_node.h">
      <Filter>GUI\GraphView\Nodes</Filter>
    </ClInclude>
    <ClInclude Include="src\GUI\GraphView\Pins\Pin.h">
      <Filter>GUI\GraphView\Pins</Filter>
    </ClInclude>
    <ClInclude Include="src\GUI\GraphView\graph_renderer.h">
      <Filter>GUI\GraphView</Filter>
    </ClInclude>
    <ClInclude Include="src\GUI\GraphView\graph_view.h">
      <Filter>GUI\GraphView</Filter>
    </ClInclude>
    <ClInclude Include="src\GUI\GraphView\nodes.h">
      <Filter>GUI\GraphView</Filter>
    </ClInclude>
    <ClInclude Include="src\GUI\Visual Elements\TextField.h">
      <Filter>GUI\Visual Elements</Filter>
    </ClInclude>
    <ClInclude Include="src\GUI\Visual Elements\button.h">
      <Filter>GUI\Visual Elements</Filter>
    </ClInclude>
    <ClInclude Include="src\GUI\Visual Elements\group.h">
      <Filter>GUI\Visual Elements</Filter>
    </ClInclude>
    <ClInclude Include="src\GUI\Visual Elements\label.h">
      <Filter>GUI\Visual Elements</Filter>
    </ClInclude>
    <ClInclude Include="src\GUI\Visual Elements\visual_element.h">
      <Filter>GUI\Visual Elements</Filter>
    </ClInclude>
    <ClInclude Include="src\GUI\XDocument\xdocument.h">
      <Filter>GUI\XDocument</Filter>
    </ClInclude>
    <ClInclude Include="src\GUI\helpers.h">
      <Filter>GUI</Filter>
    </ClInclude>
    <ClInclude Include="src\GUI\stylesheet.h">
      <Filter>GUI</Filter>
    </ClInclude>
    <ClInclude Include="src\GUI\view.h">
      <Filter>GUI</Filter>
    </ClInclude>
    <ClInclude Include="src\GUI\xss.h">
      <Filter>GUI</Filter>
    </ClInclude>
    <ClInclude Include="src\IO\FileSystem.h">
      <Filter>IO</Filter>
    </ClInclude>
    <ClInclude Include="src\IO\file_helpers.h">
      <Filter>IO</Filter>
    </ClInclude>
    <ClInclude Include="src\IO\xenv.h">
      <Filter>IO</Filter>
    </ClInclude>
    <ClInclude Include="src\Project Generation\attach.h">
      <Filter>Project Generation</Filter>
    </ClInclude>
    <ClInclude Include="src\Project Generation\generate.h">
      <Filter>Project Generation</Filter>
    </ClInclude>
    <ClInclude Include="src\Util\guid.h">
      <Filter>Util</Filter>
    </ClInclude>
    <ClInclude Include="src\Util\tinyxml2.h">
      <Filter>Util</Filter>
    </ClInclude>
    <ClInclude Include="src\defs.h" />
    <ClInclude Include="src\pch.h" />
  </ItemGroup>
  <ItemGroup>
    <ClCompile Include="src\Architecture\application.cpp">
      <Filter>Architecture</Filter>
    </ClCompile>
    <ClCompile Include="src\Architecture\game.cpp">
      <Filter>Architecture</Filter>
    </ClCompile>
    <ClCompile Include="src\Architecture\project.cpp">
      <Filter>Architecture</Filter>
    </ClCompile>
    <ClCompile Include="src\Architecture\window.cpp">
      <Filter>Architecture</Filter>
    </ClCompile>
    <ClCompile Include="src\Debug\debug.cpp">
      <Filter>Debug</Filter>
    </ClCompile>
    <ClCompile Include="src\Dependencies\glad.c">
      <Filter>Dependencies</Filter>
    </ClCompile>
    <ClCompile Include="src\Dependencies\imdom.cpp">
      <Filter>Dependencies</Filter>
    </ClCompile>
    <ClCompile Include="src\Dependencies\imgui.cpp">
      <Filter>Dependencies</Filter>
    </ClCompile>
    <ClCompile Include="src\Dependencies\imgui_demo.cpp">
      <Filter>Dependencies</Filter>
    </ClCompile>
    <ClCompile Include="src\Dependencies\imgui_draw.cpp">
      <Filter>Dependencies</Filter>
    </ClCompile>
    <ClCompile Include="src\Dependencies\imgui_impl_glfw.cpp">
      <Filter>Dependencies</Filter>
    </ClCompile>
    <ClCompile Include="src\Dependencies\imgui_impl_opengl3.cpp">
      <Filter>Dependencies</Filter>
    </ClCompile>
    <ClCompile Include="src\Dependencies\imgui_stdlib.cpp">
      <Filter>Dependencies</Filter>
    </ClCompile>
    <ClCompile Include="src\Dependencies\imgui_tables.cpp">
      <Filter>Dependencies</Filter>
    </ClCompile>
    <ClCompile Include="src\Dependencies\imgui_widgets.cpp">
      <Filter>Dependencies</Filter>
    </ClCompile>
    <ClCompile Include="src\Dependencies\imnodes.cpp">
      <Filter>Dependencies</Filter>
    </ClCompile>
    <ClCompile Include="src\GUI\GraphView\Nodes\Math\add_node.cpp">
      <Filter>GUI\GraphView\Nodes\Math</Filter>
    </ClCompile>
    <ClCompile Include="src\GUI\GraphView\Nodes\Math\float_node.cpp">
      <Filter>GUI\GraphView\Nodes\Math</Filter>
    </ClCompile>
    <ClCompile Include="src\GUI\GraphView\Nodes\node.cpp">
      <Filter>GUI\GraphView\Nodes</Filter>
    </ClCompile>
    <ClCompile Include="src\GUI\GraphView\Nodes\start_node.cpp">
      <Filter>GUI\GraphView\Nodes</Filter>
    </ClCompile>
    <ClCompile Include="src\GUI\GraphView\Pins\Pin.cpp">
      <Filter>GUI\GraphView\Pins</Filter>
    </ClCompile>
    <ClCompile Include="src\GUI\GraphView\graph_renderer.cpp">
      <Filter>GUI\GraphView</Filter>
    </ClCompile>
    <ClCompile Include="src\GUI\GraphView\graph_view.cpp">
      <Filter>GUI\GraphView</Filter>
    </ClCompile>
    <ClCompile Include="src\GUI\Visual Elements\TextField.cpp">
      <Filter>GUI\Visual Elements</Filter>
    </ClCompile>
    <ClCompile Include="src\GUI\Visual Elements\button.cpp">
      <Filter>GUI\Visual Elements</Filter>
    </ClCompile>
    <ClCompile Include="src\GUI\Visual Elements\group.cpp">
      <Filter>GUI\Visual Elements</Filter>
    </ClCompile>
    <ClCompile Include="src\GUI\Visual Elements\label.cpp">
      <Filter>GUI\Visual Elements</Filter>
    </ClCompile>
    <ClCompile Include="src\GUI\Visual Elements\visual_element.cpp">
      <Filter>GUI\Visual Elements</Filter>
    </ClCompile>
    <ClCompile Include="src\GUI\XDocument\xdocument.cpp">
      <Filter>GUI\XDocument</Filter>
    </ClCompile>
    <ClCompile Include="src\GUI\helpers.cpp">
      <Filter>GUI</Filter>
    </ClCompile>
    <ClCompile Include="src\GUI\stylesheet.cpp">
      <Filter>GUI</Filter>
    </ClCompile>
    <ClCompile Include="src\GUI\view.cpp">
      <Filter>GUI</Filter>
    </ClCompile>
    <ClCompile Include="src\GUI\xss.cpp">
      <Filter>GUI</Filter>
    </ClCompile>
    <ClCompile Include="src\IO\FileSystem.cpp">
      <Filter>IO</Filter>
    </ClCompile>
    <ClCompile Include="src\IO\file_helpers.cpp">
      <Filter>IO</Filter>
    </ClCompile>
    <ClCompile Include="src\IO\xenv.cpp">
      <Filter>IO</Filter>
    </ClCompile>
    <ClCompile Include="src\Project Generation\generate.cpp">
      <Filter>Project Generation</Filter>
    </ClCompile>
    <ClCompile Include="src\Util\tinyxml2.cpp">
      <Filter>Util</Filter>
    </ClCompile>
  </ItemGroup>
</Project>